// !$*UTF8*$!
{
	archiveVersion = 1;
	classes = {
	};
	objectVersion = 55;
	objects = {

/* Begin PBXBuildFile section */
		2A4100DB272817840007981E /* AppDelegate.swift in Sources */ = {isa = PBXBuildFile; fileRef = 2A4100DA272817840007981E /* AppDelegate.swift */; };
		2A4100DD272817840007981E /* SceneDelegate.swift in Sources */ = {isa = PBXBuildFile; fileRef = 2A4100DC272817840007981E /* SceneDelegate.swift */; };
		2A4100DF272817840007981E /* GithubSearchViewController.swift in Sources */ = {isa = PBXBuildFile; fileRef = 2A4100DE272817840007981E /* GithubSearchViewController.swift */; };
		2A4100E2272817840007981E /* GithubSearch.storyboard in Resources */ = {isa = PBXBuildFile; fileRef = 2A4100E0272817840007981E /* GithubSearch.storyboard */; };
		2A4100E4272817850007981E /* Assets.xcassets in Resources */ = {isa = PBXBuildFile; fileRef = 2A4100E3272817850007981E /* Assets.xcassets */; };
		2A4100E7272817850007981E /* LaunchScreen.storyboard in Resources */ = {isa = PBXBuildFile; fileRef = 2A4100E5272817850007981E /* LaunchScreen.storyboard */; };
		2A4100F027281F820007981E /* API.swift in Sources */ = {isa = PBXBuildFile; fileRef = 2A4100EF27281F820007981E /* API.swift */; };
		2A4100F327281FAF0007981E /* GithubRepositotyModel.swift in Sources */ = {isa = PBXBuildFile; fileRef = 2A4100F227281FAF0007981E /* GithubRepositotyModel.swift */; };
		2A4100F627284D430007981E /* Top.storyboard in Resources */ = {isa = PBXBuildFile; fileRef = 2A4100F527284D430007981E /* Top.storyboard */; };
		2A4100F827284EA70007981E /* TopViewController.swift in Sources */ = {isa = PBXBuildFile; fileRef = 2A4100F727284EA70007981E /* TopViewController.swift */; };
		2A4100FA27284FB50007981E /* NoLibrary.storyboard in Resources */ = {isa = PBXBuildFile; fileRef = 2A4100F927284FB50007981E /* NoLibrary.storyboard */; };
		2A4100FC27284FCE0007981E /* NoLibraryViewController.swift in Sources */ = {isa = PBXBuildFile; fileRef = 2A4100FB27284FCE0007981E /* NoLibraryViewController.swift */; };
		2A4100FF272854540007981E /* TableViewCell.swift in Sources */ = {isa = PBXBuildFile; fileRef = 2A4100FD272854540007981E /* TableViewCell.swift */; };
		2A410100272854540007981E /* TableViewCell.xib in Resources */ = {isa = PBXBuildFile; fileRef = 2A4100FE272854540007981E /* TableViewCell.xib */; };
		2A4101032728E05A0007981E /* GithubUserModel.swift in Sources */ = {isa = PBXBuildFile; fileRef = 2A4101022728E05A0007981E /* GithubUserModel.swift */; };
		2A410105272A5EF80007981E /* GithubModel.swift in Sources */ = {isa = PBXBuildFile; fileRef = 2A410104272A5EF80007981E /* GithubModel.swift */; };
		CD679443A0ADB9EC1D178F24 /* Pods_SampleAlamofire.framework in Frameworks */ = {isa = PBXBuildFile; fileRef = F8B04D779EBA0AA17BFCB749 /* Pods_SampleAlamofire.framework */; };
/* End PBXBuildFile section */

/* Begin PBXFileReference section */
		2A4100D7272817840007981E /* SampleAlamofire.app */ = {isa = PBXFileReference; explicitFileType = wrapper.application; includeInIndex = 0; path = SampleAlamofire.app; sourceTree = BUILT_PRODUCTS_DIR; };
		2A4100DA272817840007981E /* AppDelegate.swift */ = {isa = PBXFileReference; lastKnownFileType = sourcecode.swift; path = AppDelegate.swift; sourceTree = "<group>"; };
		2A4100DC272817840007981E /* SceneDelegate.swift */ = {isa = PBXFileReference; lastKnownFileType = sourcecode.swift; path = SceneDelegate.swift; sourceTree = "<group>"; };
		2A4100DE272817840007981E /* GithubSearchViewController.swift */ = {isa = PBXFileReference; lastKnownFileType = sourcecode.swift; path = GithubSearchViewController.swift; sourceTree = "<group>"; };
		2A4100E1272817840007981E /* Base */ = {isa = PBXFileReference; lastKnownFileType = file.storyboard; name = Base; path = Base.lproj/GithubSearch.storyboard; sourceTree = "<group>"; };
		2A4100E3272817850007981E /* Assets.xcassets */ = {isa = PBXFileReference; lastKnownFileType = folder.assetcatalog; path = Assets.xcassets; sourceTree = "<group>"; };
		2A4100E6272817850007981E /* Base */ = {isa = PBXFileReference; lastKnownFileType = file.storyboard; name = Base; path = Base.lproj/LaunchScreen.storyboard; sourceTree = "<group>"; };
		2A4100E8272817850007981E /* Info.plist */ = {isa = PBXFileReference; lastKnownFileType = text.plist.xml; path = Info.plist; sourceTree = "<group>"; };
		2A4100EF27281F820007981E /* API.swift */ = {isa = PBXFileReference; lastKnownFileType = sourcecode.swift; path = API.swift; sourceTree = "<group>"; };
		2A4100F227281FAF0007981E /* GithubRepositotyModel.swift */ = {isa = PBXFileReference; lastKnownFileType = sourcecode.swift; path = GithubRepositotyModel.swift; sourceTree = "<group>"; };
		2A4100F527284D430007981E /* Top.storyboard */ = {isa = PBXFileReference; lastKnownFileType = file.storyboard; path = Top.storyboard; sourceTree = "<group>"; };
		2A4100F727284EA70007981E /* TopViewController.swift */ = {isa = PBXFileReference; lastKnownFileType = sourcecode.swift; path = TopViewController.swift; sourceTree = "<group>"; };
		2A4100F927284FB50007981E /* NoLibrary.storyboard */ = {isa = PBXFileReference; lastKnownFileType = file.storyboard; path = NoLibrary.storyboard; sourceTree = "<group>"; };
		2A4100FB27284FCE0007981E /* NoLibraryViewController.swift */ = {isa = PBXFileReference; lastKnownFileType = sourcecode.swift; path = NoLibraryViewController.swift; sourceTree = "<group>"; };
		2A4100FD272854540007981E /* TableViewCell.swift */ = {isa = PBXFileReference; lastKnownFileType = sourcecode.swift; path = TableViewCell.swift; sourceTree = "<group>"; };
		2A4100FE272854540007981E /* TableViewCell.xib */ = {isa = PBXFileReference; lastKnownFileType = file.xib; path = TableViewCell.xib; sourceTree = "<group>"; };
		2A4101022728E05A0007981E /* GithubUserModel.swift */ = {isa = PBXFileReference; lastKnownFileType = sourcecode.swift; path = GithubUserModel.swift; sourceTree = "<group>"; };
		2A410104272A5EF80007981E /* GithubModel.swift */ = {isa = PBXFileReference; lastKnownFileType = sourcecode.swift; path = GithubModel.swift; sourceTree = "<group>"; };
		8C95ADAA710AE0FD996E9062 /* Pods-SampleAlamofire.release.xcconfig */ = {isa = PBXFileReference; includeInIndex = 1; lastKnownFileType = text.xcconfig; name = "Pods-SampleAlamofire.release.xcconfig"; path = "Target Support Files/Pods-SampleAlamofire/Pods-SampleAlamofire.release.xcconfig"; sourceTree = "<group>"; };
		A547131FFF5AA2C1F2BE5B90 /* Pods-SampleAlamofire.debug.xcconfig */ = {isa = PBXFileReference; includeInIndex = 1; lastKnownFileType = text.xcconfig; name = "Pods-SampleAlamofire.debug.xcconfig"; path = "Target Support Files/Pods-SampleAlamofire/Pods-SampleAlamofire.debug.xcconfig"; sourceTree = "<group>"; };
		F8B04D779EBA0AA17BFCB749 /* Pods_SampleAlamofire.framework */ = {isa = PBXFileReference; explicitFileType = wrapper.framework; includeInIndex = 0; path = Pods_SampleAlamofire.framework; sourceTree = BUILT_PRODUCTS_DIR; };
/* End PBXFileReference section */

/* Begin PBXFrameworksBuildPhase section */
		2A4100D4272817840007981E /* Frameworks */ = {
			isa = PBXFrameworksBuildPhase;
			buildActionMask = 2147483647;
			files = (
				CD679443A0ADB9EC1D178F24 /* Pods_SampleAlamofire.framework in Frameworks */,
			);
			runOnlyForDeploymentPostprocessing = 0;
		};
/* End PBXFrameworksBuildPhase section */

/* Begin PBXGroup section */
		2A4100CE272817840007981E = {
			isa = PBXGroup;
			children = (
				2A4100D9272817840007981E /* SampleAlamofire */,
				2A4100D8272817840007981E /* Products */,
				3208F5CAF6B2122E0973607D /* Pods */,
				9734DBA734C93E66D90EDAA2 /* Frameworks */,
			);
			sourceTree = "<group>";
		};
		2A4100D8272817840007981E /* Products */ = {
			isa = PBXGroup;
			children = (
				2A4100D7272817840007981E /* SampleAlamofire.app */,
			);
			name = Products;
			sourceTree = "<group>";
		};
		2A4100D9272817840007981E /* SampleAlamofire */ = {
			isa = PBXGroup;
			children = (
				2A4100DA272817840007981E /* AppDelegate.swift */,
				2A4100DC272817840007981E /* SceneDelegate.swift */,
				2A4100F127281F890007981E /* API */,
				2A4100EE272818240007981E /* Controller */,
				2A4100F427281FB30007981E /* Model */,
				2A410101272854570007981E /* View */,
				2A4100E3272817850007981E /* Assets.xcassets */,
				2A4100E5272817850007981E /* LaunchScreen.storyboard */,
				2A4100E8272817850007981E /* Info.plist */,
			);
			path = SampleAlamofire;
			sourceTree = "<group>";
		};
		2A4100EE272818240007981E /* Controller */ = {
			isa = PBXGroup;
			children = (
				2A4100DE272817840007981E /* GithubSearchViewController.swift */,
				2A4100E0272817840007981E /* GithubSearch.storyboard */,
				2A4100F527284D430007981E /* Top.storyboard */,
				2A4100F727284EA70007981E /* TopViewController.swift */,
				2A4100F927284FB50007981E /* NoLibrary.storyboard */,
				2A4100FB27284FCE0007981E /* NoLibraryViewController.swift */,
			);
			path = Controller;
			sourceTree = "<group>";
		};
		2A4100F127281F890007981E /* API */ = {
			isa = PBXGroup;
			children = (
				2A4100EF27281F820007981E /* API.swift */,
			);
			path = API;
			sourceTree = "<group>";
		};
		2A4100F427281FB30007981E /* Model */ = {
			isa = PBXGroup;
			children = (
				2A4100F227281FAF0007981E /* GithubRepositotyModel.swift */,
				2A4101022728E05A0007981E /* GithubUserModel.swift */,
				2A410104272A5EF80007981E /* GithubModel.swift */,
			);
			path = Model;
			sourceTree = "<group>";
		};
		2A410101272854570007981E /* View */ = {
			isa = PBXGroup;
			children = (
				2A4100FD272854540007981E /* TableViewCell.swift */,
				2A4100FE272854540007981E /* TableViewCell.xib */,
			);
			path = View;
			sourceTree = "<group>";
		};
		3208F5CAF6B2122E0973607D /* Pods */ = {
			isa = PBXGroup;
			children = (
				A547131FFF5AA2C1F2BE5B90 /* Pods-SampleAlamofire.debug.xcconfig */,
				8C95ADAA710AE0FD996E9062 /* Pods-SampleAlamofire.release.xcconfig */,
			);
			path = Pods;
			sourceTree = "<group>";
		};
		9734DBA734C93E66D90EDAA2 /* Frameworks */ = {
			isa = PBXGroup;
			children = (
				F8B04D779EBA0AA17BFCB749 /* Pods_SampleAlamofire.framework */,
			);
			name = Frameworks;
			sourceTree = "<group>";
		};
/* End PBXGroup section */

/* Begin PBXNativeTarget section */
		2A4100D6272817840007981E /* SampleAlamofire */ = {
			isa = PBXNativeTarget;
			buildConfigurationList = 2A4100EB272817850007981E /* Build configuration list for PBXNativeTarget "SampleAlamofire" */;
			buildPhases = (
				0FCED499561590A3C6D79353 /* [CP] Check Pods Manifest.lock */,
				2A4100D3272817840007981E /* Sources */,
				2A4100D4272817840007981E /* Frameworks */,
				2A4100D5272817840007981E /* Resources */,
				C4B5F3470D831EEABA3B99C0 /* [CP] Embed Pods Frameworks */,
			);
			buildRules = (
			);
			dependencies = (
			);
			name = SampleAlamofire;
			productName = SampleAlamofire;
			productReference = 2A4100D7272817840007981E /* SampleAlamofire.app */;
			productType = "com.apple.product-type.application";
		};
/* End PBXNativeTarget section */

/* Begin PBXProject section */
		2A4100CF272817840007981E /* Project object */ = {
			isa = PBXProject;
			attributes = {
				BuildIndependentTargetsInParallel = 1;
				LastSwiftUpdateCheck = 1310;
				LastUpgradeCheck = 1310;
				TargetAttributes = {
					2A4100D6272817840007981E = {
						CreatedOnToolsVersion = 13.1;
					};
				};
			};
			buildConfigurationList = 2A4100D2272817840007981E /* Build configuration list for PBXProject "SampleAlamofire" */;
			compatibilityVersion = "Xcode 13.0";
			developmentRegion = en;
			hasScannedForEncodings = 0;
			knownRegions = (
				en,
				Base,
			);
			mainGroup = 2A4100CE272817840007981E;
			productRefGroup = 2A4100D8272817840007981E /* Products */;
			projectDirPath = "";
			projectRoot = "";
			targets = (
				2A4100D6272817840007981E /* SampleAlamofire */,
			);
		};
/* End PBXProject section */

/* Begin PBXResourcesBuildPhase section */
		2A4100D5272817840007981E /* Resources */ = {
			isa = PBXResourcesBuildPhase;
			buildActionMask = 2147483647;
			files = (
				2A4100F627284D430007981E /* Top.storyboard in Resources */,
				2A4100E7272817850007981E /* LaunchScreen.storyboard in Resources */,
				2A410100272854540007981E /* TableViewCell.xib in Resources */,
				2A4100E4272817850007981E /* Assets.xcassets in Resources */,
				2A4100E2272817840007981E /* GithubSearch.storyboard in Resources */,
				2A4100FA27284FB50007981E /* NoLibrary.storyboard in Resources */,
			);
			runOnlyForDeploymentPostprocessing = 0;
		};
/* End PBXResourcesBuildPhase section */

/* Begin PBXShellScriptBuildPhase section */
		0FCED499561590A3C6D79353 /* [CP] Check Pods Manifest.lock */ = {
			isa = PBXShellScriptBuildPhase;
			buildActionMask = 2147483647;
			files = (
			);
			inputFileListPaths = (
			);
			inputPaths = (
				"${PODS_PODFILE_DIR_PATH}/Podfile.lock",
				"${PODS_ROOT}/Manifest.lock",
			);
			name = "[CP] Check Pods Manifest.lock";
			outputFileListPaths = (
			);
			outputPaths = (
				"$(DERIVED_FILE_DIR)/Pods-SampleAlamofire-checkManifestLockResult.txt",
			);
			runOnlyForDeploymentPostprocessing = 0;
			shellPath = /bin/sh;
			shellScript = "diff \"${PODS_PODFILE_DIR_PATH}/Podfile.lock\" \"${PODS_ROOT}/Manifest.lock\" > /dev/null\nif [ $? != 0 ] ; then\n    # print error to STDERR\n    echo \"error: The sandbox is not in sync with the Podfile.lock. Run 'pod install' or update your CocoaPods installation.\" >&2\n    exit 1\nfi\n# This output is used by Xcode 'outputs' to avoid re-running this script phase.\necho \"SUCCESS\" > \"${SCRIPT_OUTPUT_FILE_0}\"\n";
			showEnvVarsInLog = 0;
		};
		C4B5F3470D831EEABA3B99C0 /* [CP] Embed Pods Frameworks */ = {
			isa = PBXShellScriptBuildPhase;
			buildActionMask = 2147483647;
			files = (
			);
			inputFileListPaths = (
				"${PODS_ROOT}/Target Support Files/Pods-SampleAlamofire/Pods-SampleAlamofire-frameworks-${CONFIGURATION}-input-files.xcfilelist",
			);
			name = "[CP] Embed Pods Frameworks";
			outputFileListPaths = (
				"${PODS_ROOT}/Target Support Files/Pods-SampleAlamofire/Pods-SampleAlamofire-frameworks-${CONFIGURATION}-output-files.xcfilelist",
			);
			runOnlyForDeploymentPostprocessing = 0;
			shellPath = /bin/sh;
			shellScript = "\"${PODS_ROOT}/Target Support Files/Pods-SampleAlamofire/Pods-SampleAlamofire-frameworks.sh\"\n";
			showEnvVarsInLog = 0;
		};
/* End PBXShellScriptBuildPhase section */

/* Begin PBXSourcesBuildPhase section */
		2A4100D3272817840007981E /* Sources */ = {
			isa = PBXSourcesBuildPhase;
			buildActionMask = 2147483647;
			files = (
				2A4100F827284EA70007981E /* TopViewController.swift in Sources */,
				2A4100F327281FAF0007981E /* GithubRepositotyModel.swift in Sources */,
				2A4100FC27284FCE0007981E /* NoLibraryViewController.swift in Sources */,
				2A4101032728E05A0007981E /* GithubUserModel.swift in Sources */,
				2A4100DF272817840007981E /* GithubSearchViewController.swift in Sources */,
				2A4100FF272854540007981E /* TableViewCell.swift in Sources */,
				2A410105272A5EF80007981E /* GithubModel.swift in Sources */,
				2A4100DB272817840007981E /* AppDelegate.swift in Sources */,
				2A4100F027281F820007981E /* API.swift in Sources */,
				2A4100DD272817840007981E /* SceneDelegate.swift in Sources */,
			);
			runOnlyForDeploymentPostprocessing = 0;
		};
/* End PBXSourcesBuildPhase section */

/* Begin PBXVariantGroup section */
		2A4100E0272817840007981E /* GithubSearch.storyboard */ = {
			isa = PBXVariantGroup;
			children = (
				2A4100E1272817840007981E /* Base */,
			);
			name = GithubSearch.storyboard;
			sourceTree = "<group>";
		};
		2A4100E5272817850007981E /* LaunchScreen.storyboard */ = {
			isa = PBXVariantGroup;
			children = (
				2A4100E6272817850007981E /* Base */,
			);
			name = LaunchScreen.storyboard;
			sourceTree = "<group>";
		};
/* End PBXVariantGroup section */

/* Begin XCBuildConfiguration section */
		2A4100E9272817850007981E /* Debug */ = {
			isa = XCBuildConfiguration;
			buildSettings = {
				ALWAYS_SEARCH_USER_PATHS = NO;
				CLANG_ANALYZER_NONNULL = YES;
				CLANG_ANALYZER_NUMBER_OBJECT_CONVERSION = YES_AGGRESSIVE;
				CLANG_CXX_LANGUAGE_STANDARD = "gnu++17";
				CLANG_CXX_LIBRARY = "libc++";
				CLANG_ENABLE_MODULES = YES;
				CLANG_ENABLE_OBJC_ARC = YES;
				CLANG_ENABLE_OBJC_WEAK = YES;
				CLANG_WARN_BLOCK_CAPTURE_AUTORELEASING = YES;
				CLANG_WARN_BOOL_CONVERSION = YES;
				CLANG_WARN_COMMA = YES;
				CLANG_WARN_CONSTANT_CONVERSION = YES;
				CLANG_WARN_DEPRECATED_OBJC_IMPLEMENTATIONS = YES;
				CLANG_WARN_DIRECT_OBJC_ISA_USAGE = YES_ERROR;
				CLANG_WARN_DOCUMENTATION_COMMENTS = YES;
				CLANG_WARN_EMPTY_BODY = YES;
				CLANG_WARN_ENUM_CONVERSION = YES;
				CLANG_WARN_INFINITE_RECURSION = YES;
				CLANG_WARN_INT_CONVERSION = YES;
				CLANG_WARN_NON_LITERAL_NULL_CONVERSION = YES;
				CLANG_WARN_OBJC_IMPLICIT_RETAIN_SELF = YES;
				CLANG_WARN_OBJC_LITERAL_CONVERSION = YES;
				CLANG_WARN_OBJC_ROOT_CLASS = YES_ERROR;
				CLANG_WARN_QUOTED_INCLUDE_IN_FRAMEWORK_HEADER = YES;
				CLANG_WARN_RANGE_LOOP_ANALYSIS = YES;
				CLANG_WARN_STRICT_PROTOTYPES = YES;
				CLANG_WARN_SUSPICIOUS_MOVE = YES;
				CLANG_WARN_UNGUARDED_AVAILABILITY = YES_AGGRESSIVE;
				CLANG_WARN_UNREACHABLE_CODE = YES;
				CLANG_WARN__DUPLICATE_METHOD_MATCH = YES;
				COPY_PHASE_STRIP = NO;
				DEBUG_INFORMATION_FORMAT = dwarf;
				ENABLE_STRICT_OBJC_MSGSEND = YES;
				ENABLE_TESTABILITY = YES;
				GCC_C_LANGUAGE_STANDARD = gnu11;
				GCC_DYNAMIC_NO_PIC = NO;
				GCC_NO_COMMON_BLOCKS = YES;
				GCC_OPTIMIZATION_LEVEL = 0;
				GCC_PREPROCESSOR_DEFINITIONS = (
					"DEBUG=1",
					"$(inherited)",
				);
				GCC_WARN_64_TO_32_BIT_CONVERSION = YES;
				GCC_WARN_ABOUT_RETURN_TYPE = YES_ERROR;
				GCC_WARN_UNDECLARED_SELECTOR = YES;
				GCC_WARN_UNINITIALIZED_AUTOS = YES_AGGRESSIVE;
				GCC_WARN_UNUSED_FUNCTION = YES;
				GCC_WARN_UNUSED_VARIABLE = YES;
				IPHONEOS_DEPLOYMENT_TARGET = 13.0;
				MTL_ENABLE_DEBUG_INFO = INCLUDE_SOURCE;
				MTL_FAST_MATH = YES;
				ONLY_ACTIVE_ARCH = YES;
				SDKROOT = iphoneos;
				SWIFT_ACTIVE_COMPILATION_CONDITIONS = DEBUG;
				SWIFT_OPTIMIZATION_LEVEL = "-Onone";
			};
			name = Debug;
		};
		2A4100EA272817850007981E /* Release */ = {
			isa = XCBuildConfiguration;
			buildSettings = {
				ALWAYS_SEARCH_USER_PATHS = NO;
				CLANG_ANALYZER_NONNULL = YES;
				CLANG_ANALYZER_NUMBER_OBJECT_CONVERSION = YES_AGGRESSIVE;
				CLANG_CXX_LANGUAGE_STANDARD = "gnu++17";
				CLANG_CXX_LIBRARY = "libc++";
				CLANG_ENABLE_MODULES = YES;
				CLANG_ENABLE_OBJC_ARC = YES;
				CLANG_ENABLE_OBJC_WEAK = YES;
				CLANG_WARN_BLOCK_CAPTURE_AUTORELEASING = YES;
				CLANG_WARN_BOOL_CONVERSION = YES;
				CLANG_WARN_COMMA = YES;
				CLANG_WARN_CONSTANT_CONVERSION = YES;
				CLANG_WARN_DEPRECATED_OBJC_IMPLEMENTATIONS = YES;
				CLANG_WARN_DIRECT_OBJC_ISA_USAGE = YES_ERROR;
				CLANG_WARN_DOCUMENTATION_COMMENTS = YES;
				CLANG_WARN_EMPTY_BODY = YES;
				CLANG_WARN_ENUM_CONVERSION = YES;
				CLANG_WARN_INFINITE_RECURSION = YES;
				CLANG_WARN_INT_CONVERSION = YES;
				CLANG_WARN_NON_LITERAL_NULL_CONVERSION = YES;
				CLANG_WARN_OBJC_IMPLICIT_RETAIN_SELF = YES;
				CLANG_WARN_OBJC_LITERAL_CONVERSION = YES;
				CLANG_WARN_OBJC_ROOT_CLASS = YES_ERROR;
				CLANG_WARN_QUOTED_INCLUDE_IN_FRAMEWORK_HEADER = YES;
				CLANG_WARN_RANGE_LOOP_ANALYSIS = YES;
				CLANG_WARN_STRICT_PROTOTYPES = YES;
				CLANG_WARN_SUSPICIOUS_MOVE = YES;
				CLANG_WARN_UNGUARDED_AVAILABILITY = YES_AGGRESSIVE;
				CLANG_WARN_UNREACHABLE_CODE = YES;
				CLANG_WARN__DUPLICATE_METHOD_MATCH = YES;
				COPY_PHASE_STRIP = NO;
				DEBUG_INFORMATION_FORMAT = "dwarf-with-dsym";
				ENABLE_NS_ASSERTIONS = NO;
				ENABLE_STRICT_OBJC_MSGSEND = YES;
				GCC_C_LANGUAGE_STANDARD = gnu11;
				GCC_NO_COMMON_BLOCKS = YES;
				GCC_WARN_64_TO_32_BIT_CONVERSION = YES;
				GCC_WARN_ABOUT_RETURN_TYPE = YES_ERROR;
				GCC_WARN_UNDECLARED_SELECTOR = YES;
				GCC_WARN_UNINITIALIZED_AUTOS = YES_AGGRESSIVE;
				GCC_WARN_UNUSED_FUNCTION = YES;
				GCC_WARN_UNUSED_VARIABLE = YES;
				IPHONEOS_DEPLOYMENT_TARGET = 13.0;
				MTL_ENABLE_DEBUG_INFO = NO;
				MTL_FAST_MATH = YES;
				SDKROOT = iphoneos;
				SWIFT_COMPILATION_MODE = wholemodule;
				SWIFT_OPTIMIZATION_LEVEL = "-O";
				VALIDATE_PRODUCT = YES;
			};
			name = Release;
		};
		2A4100EC272817850007981E /* Debug */ = {
			isa = XCBuildConfiguration;
			baseConfigurationReference = A547131FFF5AA2C1F2BE5B90 /* Pods-SampleAlamofire.debug.xcconfig */;
			buildSettings = {
				ASSETCATALOG_COMPILER_APPICON_NAME = AppIcon;
				ASSETCATALOG_COMPILER_GLOBAL_ACCENT_COLOR_NAME = AccentColor;
				CODE_SIGN_STYLE = Automatic;
				CURRENT_PROJECT_VERSION = 1;
				DEVELOPMENT_TEAM = BGM5JPJHA4;
				GENERATE_INFOPLIST_FILE = YES;
				INFOPLIST_FILE = SampleAlamofire/Info.plist;
				INFOPLIST_KEY_UIApplicationSupportsIndirectInputEvents = YES;
				INFOPLIST_KEY_UILaunchStoryboardName = LaunchScreen;
				INFOPLIST_KEY_UIMainStoryboardFile = Top;
				INFOPLIST_KEY_UISupportedInterfaceOrientations_iPad = "UIInterfaceOrientationPortrait UIInterfaceOrientationPortraitUpsideDown UIInterfaceOrientationLandscapeLeft UIInterfaceOrientationLandscapeRight";
				INFOPLIST_KEY_UISupportedInterfaceOrientations_iPhone = "UIInterfaceOrientationPortrait UIInterfaceOrientationLandscapeLeft UIInterfaceOrientationLandscapeRight";
				LD_RUNPATH_SEARCH_PATHS = (
					"$(inherited)",
					"@executable_path/Frameworks",
				);
				MARKETING_VERSION = 1.0;
				PRODUCT_BUNDLE_IDENTIFIER = "com.basketball0607-gmail.base.SampleAlamofire";
				PRODUCT_NAME = "$(TARGET_NAME)";
				SWIFT_EMIT_LOC_STRINGS = YES;
				SWIFT_VERSION = 5.0;
				TARGETED_DEVICE_FAMILY = "1,2";
			};
			name = Debug;
		};
		2A4100ED272817850007981E /* Release */ = {
			isa = XCBuildConfiguration;
			baseConfigurationReference = 8C95ADAA710AE0FD996E9062 /* Pods-SampleAlamofire.release.xcconfig */;
			buildSettings = {
				ASSETCATALOG_COMPILER_APPICON_NAME = AppIcon;
				ASSETCATALOG_COMPILER_GLOBAL_ACCENT_COLOR_NAME = AccentColor;
				CODE_SIGN_STYLE = Automatic;
				CURRENT_PROJECT_VERSION = 1;
				DEVELOPMENT_TEAM = BGM5JPJHA4;
				GENERATE_INFOPLIST_FILE = YES;
				INFOPLIST_FILE = SampleAlamofire/Info.plist;
				INFOPLIST_KEY_UIApplicationSupportsIndirectInputEvents = YES;
				INFOPLIST_KEY_UILaunchStoryboardName = LaunchScreen;
				INFOPLIST_KEY_UIMainStoryboardFile = Top;
				INFOPLIST_KEY_UISupportedInterfaceOrientations_iPad = "UIInterfaceOrientationPortrait UIInterfaceOrientationPortraitUpsideDown UIInterfaceOrientationLandscapeLeft UIInterfaceOrientationLandscapeRight";
				INFOPLIST_KEY_UISupportedInterfaceOrientations_iPhone = "UIInterfaceOrientationPortrait UIInterfaceOrientationLandscapeLeft UIInterfaceOrientationLandscapeRight";
				LD_RUNPATH_SEARCH_PATHS = (
					"$(inherited)",
					"@executable_path/Frameworks",
				);
				MARKETING_VERSION = 1.0;
				PRODUCT_BUNDLE_IDENTIFIER = "com.basketball0607-gmail.base.SampleAlamofire";
				PRODUCT_NAME = "$(TARGET_NAME)";
				SWIFT_EMIT_LOC_STRINGS = YES;
				SWIFT_VERSION = 5.0;
				TARGETED_DEVICE_FAMILY = "1,2";
			};
			name = Release;
		};
/* End XCBuildConfiguration section */

/* Begin XCConfigurationList section */
		2A4100D2272817840007981E /* Build configuration list for PBXProject "SampleAlamofire" */ = {
			isa = XCConfigurationList;
			buildConfigurations = (
				2A4100E9272817850007981E /* Debug */,
				2A4100EA272817850007981E /* Release */,
			);
			defaultConfigurationIsVisible = 0;
			defaultConfigurationName = Release;
		};
		2A4100EB272817850007981E /* Build configuration list for PBXNativeTarget "SampleAlamofire" */ = {
			isa = XCConfigurationList;
			buildConfigurations = (
				2A4100EC272817850007981E /* Debug */,
				2A4100ED272817850007981E /* Release */,
			);
			defaultConfigurationIsVisible = 0;
			defaultConfigurationName = Release;
		};
/* End XCConfigurationList section */
	};
	rootObject = 2A4100CF272817840007981E /* Project object */;
}
